
Microsoft Visual Studio Solution File, Format Version 12.00
# Visual Studio 15
VisualStudioVersion = 15.0.26124.0
MinimumVisualStudioVersion = 15.0.26124.0
Project("{FAE04EC0-301F-11D3-BF4B-00C04F79EFBC}") = "API", "API\API.csproj", "{C5DB85DE-AED6-4E24-8882-FBB229847CB3}"
EndProject
Project("{2150E333-8FDC-42A3-9474-1A3956D46DE8}") = "docs", "docs", "{1E58A5E8-1B76-499E-9107-CD8B79FC6D73}"
ProjectSection(SolutionItems) = preProject
	docs\commit_instructions.txt = docs\commit_instructions.txt
EndProjectSection
EndProject
Global
	GlobalSection(SolutionConfigurationPlatforms) = preSolution
		Debug|Any CPU = Debug|Any CPU
		Debug|x64 = Debug|x64
		Debug|x86 = Debug|x86
		Release|Any CPU = Release|Any CPU
		Release|x64 = Release|x64
		Release|x86 = Release|x86
	EndGlobalSection
	GlobalSection(SolutionProperties) = preSolution
		HideSolutionNode = FALSE
	EndGlobalSection
	GlobalSection(ProjectConfigurationPlatforms) = postSolution
		{C5DB85DE-AED6-4E24-8882-FBB229847CB3}.Debug|Any CPU.ActiveCfg = Debug|Any CPU
		{C5DB85DE-AED6-4E24-8882-FBB229847CB3}.Debug|Any CPU.Build.0 = Debug|Any CPU
		{C5DB85DE-AED6-4E24-8882-FBB229847CB3}.Debug|x64.ActiveCfg = Debug|Any CPU
		{C5DB85DE-AED6-4E24-8882-FBB229847CB3}.Debug|x64.Build.0 = Debug|Any CPU
		{C5DB85DE-AED6-4E24-8882-FBB229847CB3}.Debug|x86.ActiveCfg = Debug|Any CPU
		{C5DB85DE-AED6-4E24-8882-FBB229847CB3}.Debug|x86.Build.0 = Debug|Any CPU
		{C5DB85DE-AED6-4E24-8882-FBB229847CB3}.Release|Any CPU.ActiveCfg = Release|Any CPU
		{C5DB85DE-AED6-4E24-8882-FBB229847CB3}.Release|Any CPU.Build.0 = Release|Any CPU
		{C5DB85DE-AED6-4E24-8882-FBB229847CB3}.Release|x64.ActiveCfg = Release|Any CPU
		{C5DB85DE-AED6-4E24-8882-FBB229847CB3}.Release|x64.Build.0 = Release|Any CPU
		{C5DB85DE-AED6-4E24-8882-FBB229847CB3}.Release|x86.ActiveCfg = Release|Any CPU
		{C5DB85DE-AED6-4E24-8882-FBB229847CB3}.Release|x86.Build.0 = Release|Any CPU
	EndGlobalSection
EndGlobal
